
Microsoft Visual Studio Solution File, Format Version 12.00
# Visual Studio Version 17
VisualStudioVersion = 17.1.32210.238
MinimumVisualStudioVersion = 10.0.40219.1
Project("{FAE04EC0-301F-11D3-BF4B-00C04F79EFBC}") = "PC_Betreuung", "PC_Betreuung\PC_Betreuung.csproj", "{721FE9CB-6E22-4FC8-A64E-019DED3CD32C}"
EndProject
Global
	GlobalSection(SolutionConfigurationPlatforms) = preSolution
		Debug|Any CPU = Debug|Any CPU
		Release|Any CPU = Release|Any CPU
	EndGlobalSection
	GlobalSection(ProjectConfigurationPlatforms) = postSolution
		{721FE9CB-6E22-4FC8-A64E-019DED3CD32C}.Debug|Any CPU.ActiveCfg = Debug|Any CPU
		{721FE9CB-6E22-4FC8-A64E-019DED3CD32C}.Debug|Any CPU.Build.0 = Debug|Any CPU
		{721FE9CB-6E22-4FC8-A64E-019DED3CD32C}.Release|Any CPU.ActiveCfg = Release|Any CPU
		{721FE9CB-6E22-4FC8-A64E-019DED3CD32C}.Release|Any CPU.Build.0 = Release|Any CPU
	EndGlobalSection
	GlobalSection(SolutionProperties) = preSolution
		HideSolutionNode = FALSE
	EndGlobalSection
	GlobalSection(ExtensibilityGlobals) = postSolution
		SolutionGuid = {F2F35BA1-F1BB-4CFD-B0E7-BBC04E3EB6CF}
	EndGlobalSection
EndGlobal
